
Microsoft Visual Studio Solution File, Format Version 12.00
# Visual Studio 14
VisualStudioVersion = 14.0.25420.1
MinimumVisualStudioVersion = 10.0.40219.1
Project("{FAE04EC0-301F-11D3-BF4B-00C04F79EFBC}") = "XamarinFormChapter.Droid", "XamarinFormChapter\XamarinFormChapter.Droid\XamarinFormChapter.Droid.csproj", "{D86466C4-FE4B-489E-810A-86B49ED70A15}"
EndProject
Project("{FAE04EC0-301F-11D3-BF4B-00C04F79EFBC}") = "XamarinFormChapter.iOS", "XamarinFormChapter\XamarinFormChapter.iOS\XamarinFormChapter.iOS.csproj", "{6983AF14-8598-4E5F-B90D-FC830AB2BC56}"
EndProject
Project("{FAE04EC0-301F-11D3-BF4B-00C04F79EFBC}") = "XamarinFormChapter.WinPhone", "XamarinFormChapter\XamarinFormChapter.WinPhone\XamarinFormChapter.WinPhone.csproj", "{EE430ADE-1062-4615-A488-91016839EE3D}"
EndProject
Project("{FAE04EC0-301F-11D3-BF4B-00C04F79EFBC}") = "XamarinFormChapter.Windows", "XamarinFormChapter\XamarinFormChapter.Windows\XamarinFormChapter.Windows.csproj", "{86E1719E-A7D8-422B-966D-C9526C666FED}"
EndProject
Project("{FAE04EC0-301F-11D3-BF4B-00C04F79EFBC}") = "XamarinFormChapter", "XamarinFormChapter\XamarinFormChapter\XamarinFormChapter.csproj", "{E4098FBA-254E-4A6C-AFAD-3C8DE7DE4906}"
EndProject
Global
	GlobalSection(SolutionConfigurationPlatforms) = preSolution
		Ad-Hoc|Any CPU = Ad-Hoc|Any CPU
		Ad-Hoc|ARM = Ad-Hoc|ARM
		Ad-Hoc|iPhone = Ad-Hoc|iPhone
		Ad-Hoc|iPhoneSimulator = Ad-Hoc|iPhoneSimulator
		Ad-Hoc|x64 = Ad-Hoc|x64
		Ad-Hoc|x86 = Ad-Hoc|x86
		AppStore|Any CPU = AppStore|Any CPU
		AppStore|ARM = AppStore|ARM
		AppStore|iPhone = AppStore|iPhone
		AppStore|iPhoneSimulator = AppStore|iPhoneSimulator
		AppStore|x64 = AppStore|x64
		AppStore|x86 = AppStore|x86
		Debug|Any CPU = Debug|Any CPU
		Debug|ARM = Debug|ARM
		Debug|iPhone = Debug|iPhone
		Debug|iPhoneSimulator = Debug|iPhoneSimulator
		Debug|x64 = Debug|x64
		Debug|x86 = Debug|x86
		Release|Any CPU = Release|Any CPU
		Release|ARM = Release|ARM
		Release|iPhone = Release|iPhone
		Release|iPhoneSimulator = Release|iPhoneSimulator
		Release|x64 = Release|x64
		Release|x86 = Release|x86
	EndGlobalSection
	GlobalSection(ProjectConfigurationPlatforms) = postSolution
		{D86466C4-FE4B-489E-810A-86B49ED70A15}.Ad-Hoc|Any CPU.ActiveCfg = Release|Any CPU
		{D86466C4-FE4B-489E-810A-86B49ED70A15}.Ad-Hoc|Any CPU.Build.0 = Release|Any CPU
		{D86466C4-FE4B-489E-810A-86B49ED70A15}.Ad-Hoc|Any CPU.Deploy.0 = Release|Any CPU
		{D86466C4-FE4B-489E-810A-86B49ED70A15}.Ad-Hoc|ARM.ActiveCfg = Release|Any CPU
		{D86466C4-FE4B-489E-810A-86B49ED70A15}.Ad-Hoc|ARM.Build.0 = Release|Any CPU
		{D86466C4-FE4B-489E-810A-86B49ED70A15}.Ad-Hoc|ARM.Deploy.0 = Release|Any CPU
		{D86466C4-FE4B-489E-810A-86B49ED70A15}.Ad-Hoc|iPhone.ActiveCfg = Release|Any CPU
		{D86466C4-FE4B-489E-810A-86B49ED70A15}.Ad-Hoc|iPhone.Build.0 = Release|Any CPU
		{D86466C4-FE4B-489E-810A-86B49ED70A15}.Ad-Hoc|iPhone.Deploy.0 = Release|Any CPU
		{D86466C4-FE4B-489E-810A-86B49ED70A15}.Ad-Hoc|iPhoneSimulator.ActiveCfg = Release|Any CPU
		{D86466C4-FE4B-489E-810A-86B49ED70A15}.Ad-Hoc|iPhoneSimulator.Build.0 = Release|Any CPU
		{D86466C4-FE4B-489E-810A-86B49ED70A15}.Ad-Hoc|iPhoneSimulator.Deploy.0 = Release|Any CPU
		{D86466C4-FE4B-489E-810A-86B49ED70A15}.Ad-Hoc|x64.ActiveCfg = Release|Any CPU
		{D86466C4-FE4B-489E-810A-86B49ED70A15}.Ad-Hoc|x64.Build.0 = Release|Any CPU
		{D86466C4-FE4B-489E-810A-86B49ED70A15}.Ad-Hoc|x64.Deploy.0 = Release|Any CPU
		{D86466C4-FE4B-489E-810A-86B49ED70A15}.Ad-Hoc|x86.ActiveCfg = Release|Any CPU
		{D86466C4-FE4B-489E-810A-86B49ED70A15}.Ad-Hoc|x86.Build.0 = Release|Any CPU
		{D86466C4-FE4B-489E-810A-86B49ED70A15}.Ad-Hoc|x86.Deploy.0 = Release|Any CPU
		{D86466C4-FE4B-489E-810A-86B49ED70A15}.AppStore|Any CPU.ActiveCfg = Release|Any CPU
		{D86466C4-FE4B-489E-810A-86B49ED70A15}.AppStore|Any CPU.Build.0 = Release|Any CPU
		{D86466C4-FE4B-489E-810A-86B49ED70A15}.AppStore|Any CPU.Deploy.0 = Release|Any CPU
		{D86466C4-FE4B-489E-810A-86B49ED70A15}.AppStore|ARM.ActiveCfg = Release|Any CPU
		{D86466C4-FE4B-489E-810A-86B49ED70A15}.AppStore|ARM.Build.0 = Release|Any CPU
		{D86466C4-FE4B-489E-810A-86B49ED70A15}.AppStore|ARM.Deploy.0 = Release|Any CPU
		{D86466C4-FE4B-489E-810A-86B49ED70A15}.AppStore|iPhone.ActiveCfg = Release|Any CPU
		{D86466C4-FE4B-489E-810A-86B49ED70A15}.AppStore|iPhone.Build.0 = Release|Any CPU
		{D86466C4-FE4B-489E-810A-86B49ED70A15}.AppStore|iPhone.Deploy.0 = Release|Any CPU
		{D86466C4-FE4B-489E-810A-86B49ED70A15}.AppStore|iPhoneSimulator.ActiveCfg = Release|Any CPU
		{D86466C4-FE4B-489E-810A-86B49ED70A15}.AppStore|iPhoneSimulator.Build.0 = Release|Any CPU
		{D86466C4-FE4B-489E-810A-86B49ED70A15}.AppStore|iPhoneSimulator.Deploy.0 = Release|Any CPU
		{D86466C4-FE4B-489E-810A-86B49ED70A15}.AppStore|x64.ActiveCfg = Release|Any CPU
		{D86466C4-FE4B-489E-810A-86B49ED70A15}.AppStore|x64.Build.0 = Release|Any CPU
		{D86466C4-FE4B-489E-810A-86B49ED70A15}.AppStore|x64.Deploy.0 = Release|Any CPU
		{D86466C4-FE4B-489E-810A-86B49ED70A15}.AppStore|x86.ActiveCfg = Release|Any CPU
		{D86466C4-FE4B-489E-810A-86B49ED70A15}.AppStore|x86.Build.0 = Release|Any CPU
		{D86466C4-FE4B-489E-810A-86B49ED70A15}.AppStore|x86.Deploy.0 = Release|Any CPU
		{D86466C4-FE4B-489E-810A-86B49ED70A15}.Debug|Any CPU.ActiveCfg = Debug|Any CPU
		{D86466C4-FE4B-489E-810A-86B49ED70A15}.Debug|Any CPU.Build.0 = Debug|Any CPU
		{D86466C4-FE4B-489E-810A-86B49ED70A15}.Debug|Any CPU.Deploy.0 = Debug|Any CPU
		{D86466C4-FE4B-489E-810A-86B49ED70A15}.Debug|ARM.ActiveCfg = Debug|Any CPU
		{D86466C4-FE4B-489E-810A-86B49ED70A15}.Debug|ARM.Build.0 = Debug|Any CPU
		{D86466C4-FE4B-489E-810A-86B49ED70A15}.Debug|ARM.Deploy.0 = Debug|Any CPU
		{D86466C4-FE4B-489E-810A-86B49ED70A15}.Debug|iPhone.ActiveCfg = Debug|Any CPU
		{D86466C4-FE4B-489E-810A-86B49ED70A15}.Debug|iPhone.Build.0 = Debug|Any CPU
		{D86466C4-FE4B-489E-810A-86B49ED70A15}.Debug|iPhone.Deploy.0 = Debug|Any CPU
		{D86466C4-FE4B-489E-810A-86B49ED70A15}.Debug|iPhoneSimulator.ActiveCfg = Debug|Any CPU
		{D86466C4-FE4B-489E-810A-86B49ED70A15}.Debug|iPhoneSimulator.Build.0 = Debug|Any CPU
		{D86466C4-FE4B-489E-810A-86B49ED70A15}.Debug|iPhoneSimulator.Deploy.0 = Debug|Any CPU
		{D86466C4-FE4B-489E-810A-86B49ED70A15}.Debug|x64.ActiveCfg = Debug|Any CPU
		{D86466C4-FE4B-489E-810A-86B49ED70A15}.Debug|x64.Build.0 = Debug|Any CPU
		{D86466C4-FE4B-489E-810A-86B49ED70A15}.Debug|x64.Deploy.0 = Debug|Any CPU
		{D86466C4-FE4B-489E-810A-86B49ED70A15}.Debug|x86.ActiveCfg = Debug|Any CPU
		{D86466C4-FE4B-489E-810A-86B49ED70A15}.Debug|x86.Build.0 = Debug|Any CPU
		{D86466C4-FE4B-489E-810A-86B49ED70A15}.Debug|x86.Deploy.0 = Debug|Any CPU
		{D86466C4-FE4B-489E-810A-86B49ED70A15}.Release|Any CPU.ActiveCfg = Release|Any CPU
		{D86466C4-FE4B-489E-810A-86B49ED70A15}.Release|Any CPU.Build.0 = Release|Any CPU
		{D86466C4-FE4B-489E-810A-86B49ED70A15}.Release|Any CPU.Deploy.0 = Release|Any CPU
		{D86466C4-FE4B-489E-810A-86B49ED70A15}.Release|ARM.ActiveCfg = Release|Any CPU
		{D86466C4-FE4B-489E-810A-86B49ED70A15}.Release|ARM.Build.0 = Release|Any CPU
		{D86466C4-FE4B-489E-810A-86B49ED70A15}.Release|ARM.Deploy.0 = Release|Any CPU
		{D86466C4-FE4B-489E-810A-86B49ED70A15}.Release|iPhone.ActiveCfg = Release|Any CPU
		{D86466C4-FE4B-489E-810A-86B49ED70A15}.Release|iPhone.Build.0 = Release|Any CPU
		{D86466C4-FE4B-489E-810A-86B49ED70A15}.Release|iPhone.Deploy.0 = Release|Any CPU
		{D86466C4-FE4B-489E-810A-86B49ED70A15}.Release|iPhoneSimulator.ActiveCfg = Release|Any CPU
		{D86466C4-FE4B-489E-810A-86B49ED70A15}.Release|iPhoneSimulator.Build.0 = Release|Any CPU
		{D86466C4-FE4B-489E-810A-86B49ED70A15}.Release|iPhoneSimulator.Deploy.0 = Release|Any CPU
		{D86466C4-FE4B-489E-810A-86B49ED70A15}.Release|x64.ActiveCfg = Release|Any CPU
		{D86466C4-FE4B-489E-810A-86B49ED70A15}.Release|x64.Build.0 = Release|Any CPU
		{D86466C4-FE4B-489E-810A-86B49ED70A15}.Release|x64.Deploy.0 = Release|Any CPU
		{D86466C4-FE4B-489E-810A-86B49ED70A15}.Release|x86.ActiveCfg = Release|Any CPU
		{D86466C4-FE4B-489E-810A-86B49ED70A15}.Release|x86.Build.0 = Release|Any CPU
		{D86466C4-FE4B-489E-810A-86B49ED70A15}.Release|x86.Deploy.0 = Release|Any CPU
		{6983AF14-8598-4E5F-B90D-FC830AB2BC56}.Ad-Hoc|Any CPU.ActiveCfg = Ad-Hoc|iPhone
		{6983AF14-8598-4E5F-B90D-FC830AB2BC56}.Ad-Hoc|ARM.ActiveCfg = Ad-Hoc|iPhone
		{6983AF14-8598-4E5F-B90D-FC830AB2BC56}.Ad-Hoc|iPhone.ActiveCfg = Ad-Hoc|iPhone
		{6983AF14-8598-4E5F-B90D-FC830AB2BC56}.Ad-Hoc|iPhone.Build.0 = Ad-Hoc|iPhone
		{6983AF14-8598-4E5F-B90D-FC830AB2BC56}.Ad-Hoc|iPhoneSimulator.ActiveCfg = Ad-Hoc|iPhoneSimulator
		{6983AF14-8598-4E5F-B90D-FC830AB2BC56}.Ad-Hoc|iPhoneSimulator.Build.0 = Ad-Hoc|iPhoneSimulator
		{6983AF14-8598-4E5F-B90D-FC830AB2BC56}.Ad-Hoc|x64.ActiveCfg = Ad-Hoc|iPhone
		{6983AF14-8598-4E5F-B90D-FC830AB2BC56}.Ad-Hoc|x86.ActiveCfg = Ad-Hoc|iPhone
		{6983AF14-8598-4E5F-B90D-FC830AB2BC56}.AppStore|Any CPU.ActiveCfg = AppStore|iPhone
		{6983AF14-8598-4E5F-B90D-FC830AB2BC56}.AppStore|ARM.ActiveCfg = AppStore|iPhone
		{6983AF14-8598-4E5F-B90D-FC830AB2BC56}.AppStore|iPhone.ActiveCfg = AppStore|iPhone
		{6983AF14-8598-4E5F-B90D-FC830AB2BC56}.AppStore|iPhone.Build.0 = AppStore|iPhone
		{6983AF14-8598-4E5F-B90D-FC830AB2BC56}.AppStore|iPhoneSimulator.ActiveCfg = AppStore|iPhoneSimulator
		{6983AF14-8598-4E5F-B90D-FC830AB2BC56}.AppStore|iPhoneSimulator.Build.0 = AppStore|iPhoneSimulator
		{6983AF14-8598-4E5F-B90D-FC830AB2BC56}.AppStore|x64.ActiveCfg = AppStore|iPhone
		{6983AF14-8598-4E5F-B90D-FC830AB2BC56}.AppStore|x86.ActiveCfg = AppStore|iPhone
		{6983AF14-8598-4E5F-B90D-FC830AB2BC56}.Debug|Any CPU.ActiveCfg = Debug|iPhone
		{6983AF14-8598-4E5F-B90D-FC830AB2BC56}.Debug|ARM.ActiveCfg = Debug|iPhone
		{6983AF14-8598-4E5F-B90D-FC830AB2BC56}.Debug|iPhone.ActiveCfg = Debug|iPhone
		{6983AF14-8598-4E5F-B90D-FC830AB2BC56}.Debug|iPhone.Build.0 = Debug|iPhone
		{6983AF14-8598-4E5F-B90D-FC830AB2BC56}.Debug|iPhoneSimulator.ActiveCfg = Debug|iPhoneSimulator
		{6983AF14-8598-4E5F-B90D-FC830AB2BC56}.Debug|iPhoneSimulator.Build.0 = Debug|iPhoneSimulator
		{6983AF14-8598-4E5F-B90D-FC830AB2BC56}.Debug|x64.ActiveCfg = Debug|iPhone
		{6983AF14-8598-4E5F-B90D-FC830AB2BC56}.Debug|x86.ActiveCfg = Debug|iPhone
		{6983AF14-8598-4E5F-B90D-FC830AB2BC56}.Release|Any CPU.ActiveCfg = Release|iPhone
		{6983AF14-8598-4E5F-B90D-FC830AB2BC56}.Release|ARM.ActiveCfg = Release|iPhone
		{6983AF14-8598-4E5F-B90D-FC830AB2BC56}.Release|iPhone.ActiveCfg = Release|iPhone
		{6983AF14-8598-4E5F-B90D-FC830AB2BC56}.Release|iPhone.Build.0 = Release|iPhone
		{6983AF14-8598-4E5F-B90D-FC830AB2BC56}.Release|iPhoneSimulator.ActiveCfg = Release|iPhoneSimulator
		{6983AF14-8598-4E5F-B90D-FC830AB2BC56}.Release|iPhoneSimulator.Build.0 = Release|iPhoneSimulator
		{6983AF14-8598-4E5F-B90D-FC830AB2BC56}.Release|x64.ActiveCfg = Release|iPhone
		{6983AF14-8598-4E5F-B90D-FC830AB2BC56}.Release|x86.ActiveCfg = Release|iPhone
		{EE430ADE-1062-4615-A488-91016839EE3D}.Ad-Hoc|Any CPU.ActiveCfg = Release|Any CPU
		{EE430ADE-1062-4615-A488-91016839EE3D}.Ad-Hoc|Any CPU.Build.0 = Release|Any CPU
		{EE430ADE-1062-4615-A488-91016839EE3D}.Ad-Hoc|Any CPU.Deploy.0 = Release|Any CPU
		{EE430ADE-1062-4615-A488-91016839EE3D}.Ad-Hoc|ARM.ActiveCfg = Release|ARM
		{EE430ADE-1062-4615-A488-91016839EE3D}.Ad-Hoc|ARM.Build.0 = Release|ARM
		{EE430ADE-1062-4615-A488-91016839EE3D}.Ad-Hoc|ARM.Deploy.0 = Release|ARM
		{EE430ADE-1062-4615-A488-91016839EE3D}.Ad-Hoc|iPhone.ActiveCfg = Release|Any CPU
		{EE430ADE-1062-4615-A488-91016839EE3D}.Ad-Hoc|iPhone.Build.0 = Release|Any CPU
		{EE430ADE-1062-4615-A488-91016839EE3D}.Ad-Hoc|iPhone.Deploy.0 = Release|Any CPU
		{EE430ADE-1062-4615-A488-91016839EE3D}.Ad-Hoc|iPhoneSimulator.ActiveCfg = Release|Any CPU
		{EE430ADE-1062-4615-A488-91016839EE3D}.Ad-Hoc|iPhoneSimulator.Build.0 = Release|Any CPU
		{EE430ADE-1062-4615-A488-91016839EE3D}.Ad-Hoc|iPhoneSimulator.Deploy.0 = Release|Any CPU
		{EE430ADE-1062-4615-A488-91016839EE3D}.Ad-Hoc|x64.ActiveCfg = Release|Any CPU
		{EE430ADE-1062-4615-A488-91016839EE3D}.Ad-Hoc|x64.Build.0 = Release|Any CPU
		{EE430ADE-1062-4615-A488-91016839EE3D}.Ad-Hoc|x64.Deploy.0 = Release|Any CPU
		{EE430ADE-1062-4615-A488-91016839EE3D}.Ad-Hoc|x86.ActiveCfg = Release|x86
		{EE430ADE-1062-4615-A488-91016839EE3D}.Ad-Hoc|x86.Build.0 = Release|x86
		{EE430ADE-1062-4615-A488-91016839EE3D}.Ad-Hoc|x86.Deploy.0 = Release|x86
		{EE430ADE-1062-4615-A488-91016839EE3D}.AppStore|Any CPU.ActiveCfg = Release|Any CPU
		{EE430ADE-1062-4615-A488-91016839EE3D}.AppStore|Any CPU.Build.0 = Release|Any CPU
		{EE430ADE-1062-4615-A488-91016839EE3D}.AppStore|Any CPU.Deploy.0 = Release|Any CPU
		{EE430ADE-1062-4615-A488-91016839EE3D}.AppStore|ARM.ActiveCfg = Release|ARM
		{EE430ADE-1062-4615-A488-91016839EE3D}.AppStore|ARM.Build.0 = Release|ARM
		{EE430ADE-1062-4615-A488-91016839EE3D}.AppStore|ARM.Deploy.0 = Release|ARM
		{EE430ADE-1062-4615-A488-91016839EE3D}.AppStore|iPhone.ActiveCfg = Release|Any CPU
		{EE430ADE-1062-4615-A488-91016839EE3D}.AppStore|iPhone.Build.0 = Release|Any CPU
		{EE430ADE-1062-4615-A488-91016839EE3D}.AppStore|iPhone.Deploy.0 = Release|Any CPU
		{EE430ADE-1062-4615-A488-91016839EE3D}.AppStore|iPhoneSimulator.ActiveCfg = Release|Any CPU
		{EE430ADE-1062-4615-A488-91016839EE3D}.AppStore|iPhoneSimulator.Build.0 = Release|Any CPU
		{EE430ADE-1062-4615-A488-91016839EE3D}.AppStore|iPhoneSimulator.Deploy.0 = Release|Any CPU
		{EE430ADE-1062-4615-A488-91016839EE3D}.AppStore|x64.ActiveCfg = Release|Any CPU
		{EE430ADE-1062-4615-A488-91016839EE3D}.AppStore|x64.Build.0 = Release|Any CPU
		{EE430ADE-1062-4615-A488-91016839EE3D}.AppStore|x64.Deploy.0 = Release|Any CPU
		{EE430ADE-1062-4615-A488-91016839EE3D}.AppStore|x86.ActiveCfg = Release|x86
		{EE430ADE-1062-4615-A488-91016839EE3D}.AppStore|x86.Build.0 = Release|x86
		{EE430ADE-1062-4615-A488-91016839EE3D}.AppStore|x86.Deploy.0 = Release|x86
		{EE430ADE-1062-4615-A488-91016839EE3D}.Debug|Any CPU.ActiveCfg = Debug|Any CPU
		{EE430ADE-1062-4615-A488-91016839EE3D}.Debug|Any CPU.Build.0 = Debug|Any CPU
		{EE430ADE-1062-4615-A488-91016839EE3D}.Debug|Any CPU.Deploy.0 = Debug|Any CPU
		{EE430ADE-1062-4615-A488-91016839EE3D}.Debug|ARM.ActiveCfg = Debug|ARM
		{EE430ADE-1062-4615-A488-91016839EE3D}.Debug|ARM.Build.0 = Debug|ARM
		{EE430ADE-1062-4615-A488-91016839EE3D}.Debug|ARM.Deploy.0 = Debug|ARM
		{EE430ADE-1062-4615-A488-91016839EE3D}.Debug|iPhone.ActiveCfg = Debug|Any CPU
		{EE430ADE-1062-4615-A488-91016839EE3D}.Debug|iPhone.Build.0 = Debug|Any CPU
		{EE430ADE-1062-4615-A488-91016839EE3D}.Debug|iPhone.Deploy.0 = Debug|Any CPU
		{EE430ADE-1062-4615-A488-91016839EE3D}.Debug|iPhoneSimulator.ActiveCfg = Debug|Any CPU
		{EE430ADE-1062-4615-A488-91016839EE3D}.Debug|iPhoneSimulator.Build.0 = Debug|Any CPU
		{EE430ADE-1062-4615-A488-91016839EE3D}.Debug|iPhoneSimulator.Deploy.0 = Debug|Any CPU
		{EE430ADE-1062-4615-A488-91016839EE3D}.Debug|x64.ActiveCfg = Debug|Any CPU
		{EE430ADE-1062-4615-A488-91016839EE3D}.Debug|x64.Build.0 = Debug|Any CPU
		{EE430ADE-1062-4615-A488-91016839EE3D}.Debug|x64.Deploy.0 = Debug|Any CPU
		{EE430ADE-1062-4615-A488-91016839EE3D}.Debug|x86.ActiveCfg = Debug|x86
		{EE430ADE-1062-4615-A488-91016839EE3D}.Debug|x86.Build.0 = Debug|x86
		{EE430ADE-1062-4615-A488-91016839EE3D}.Debug|x86.Deploy.0 = Debug|x86
		{EE430ADE-1062-4615-A488-91016839EE3D}.Release|Any CPU.ActiveCfg = Release|Any CPU
		{EE430ADE-1062-4615-A488-91016839EE3D}.Release|Any CPU.Build.0 = Release|Any CPU
		{EE430ADE-1062-4615-A488-91016839EE3D}.Release|Any CPU.Deploy.0 = Release|Any CPU
		{EE430ADE-1062-4615-A488-91016839EE3D}.Release|ARM.ActiveCfg = Release|ARM
		{EE430ADE-1062-4615-A488-91016839EE3D}.Release|ARM.Build.0 = Release|ARM
		{EE430ADE-1062-4615-A488-91016839EE3D}.Release|ARM.Deploy.0 = Release|ARM
		{EE430ADE-1062-4615-A488-91016839EE3D}.Release|iPhone.ActiveCfg = Release|Any CPU
		{EE430ADE-1062-4615-A488-91016839EE3D}.Release|iPhone.Build.0 = Release|Any CPU
		{EE430ADE-1062-4615-A488-91016839EE3D}.Release|iPhone.Deploy.0 = Release|Any CPU
		{EE430ADE-1062-4615-A488-91016839EE3D}.Release|iPhoneSimulator.ActiveCfg = Release|Any CPU
		{EE430ADE-1062-4615-A488-91016839EE3D}.Release|iPhoneSimulator.Build.0 = Release|Any CPU
		{EE430ADE-1062-4615-A488-91016839EE3D}.Release|iPhoneSimulator.Deploy.0 = Release|Any CPU
		{EE430ADE-1062-4615-A488-91016839EE3D}.Release|x64.ActiveCfg = Release|Any CPU
		{EE430ADE-1062-4615-A488-91016839EE3D}.Release|x64.Build.0 = Release|Any CPU
		{EE430ADE-1062-4615-A488-91016839EE3D}.Release|x64.Deploy.0 = Release|Any CPU
		{EE430ADE-1062-4615-A488-91016839EE3D}.Release|x86.ActiveCfg = Release|x86
		{EE430ADE-1062-4615-A488-91016839EE3D}.Release|x86.Build.0 = Release|x86
		{EE430ADE-1062-4615-A488-91016839EE3D}.Release|x86.Deploy.0 = Release|x86
		{86E1719E-A7D8-422B-966D-C9526C666FED}.Ad-Hoc|Any CPU.ActiveCfg = Release|Any CPU
		{86E1719E-A7D8-422B-966D-C9526C666FED}.Ad-Hoc|Any CPU.Build.0 = Release|Any CPU
		{86E1719E-A7D8-422B-966D-C9526C666FED}.Ad-Hoc|Any CPU.Deploy.0 = Release|Any CPU
		{86E1719E-A7D8-422B-966D-C9526C666FED}.Ad-Hoc|ARM.ActiveCfg = Release|ARM
		{86E1719E-A7D8-422B-966D-C9526C666FED}.Ad-Hoc|ARM.Build.0 = Release|ARM
		{86E1719E-A7D8-422B-966D-C9526C666FED}.Ad-Hoc|ARM.Deploy.0 = Release|ARM
		{86E1719E-A7D8-422B-966D-C9526C666FED}.Ad-Hoc|iPhone.ActiveCfg = Release|Any CPU
		{86E1719E-A7D8-422B-966D-C9526C666FED}.Ad-Hoc|iPhone.Build.0 = Release|Any CPU
		{86E1719E-A7D8-422B-966D-C9526C666FED}.Ad-Hoc|iPhone.Deploy.0 = Release|Any CPU
		{86E1719E-A7D8-422B-966D-C9526C666FED}.Ad-Hoc|iPhoneSimulator.ActiveCfg = Release|Any CPU
		{86E1719E-A7D8-422B-966D-C9526C666FED}.Ad-Hoc|iPhoneSimulator.Build.0 = Release|Any CPU
		{86E1719E-A7D8-422B-966D-C9526C666FED}.Ad-Hoc|iPhoneSimulator.Deploy.0 = Release|Any CPU
		{86E1719E-A7D8-422B-966D-C9526C666FED}.Ad-Hoc|x64.ActiveCfg = Release|x64
		{86E1719E-A7D8-422B-966D-C9526C666FED}.Ad-Hoc|x64.Build.0 = Release|x64
		{86E1719E-A7D8-422B-966D-C9526C666FED}.Ad-Hoc|x64.Deploy.0 = Release|x64
		{86E1719E-A7D8-422B-966D-C9526C666FED}.Ad-Hoc|x86.ActiveCfg = Release|x86
		{86E1719E-A7D8-422B-966D-C9526C666FED}.Ad-Hoc|x86.Build.0 = Release|x86
		{86E1719E-A7D8-422B-966D-C9526C666FED}.Ad-Hoc|x86.Deploy.0 = Release|x86
		{86E1719E-A7D8-422B-966D-C9526C666FED}.AppStore|Any CPU.ActiveCfg = Release|Any CPU
		{86E1719E-A7D8-422B-966D-C9526C666FED}.AppStore|Any CPU.Build.0 = Release|Any CPU
		{86E1719E-A7D8-422B-966D-C9526C666FED}.AppStore|Any CPU.Deploy.0 = Release|Any CPU
		{86E1719E-A7D8-422B-966D-C9526C666FED}.AppStore|ARM.ActiveCfg = Release|ARM
		{86E1719E-A7D8-422B-966D-C9526C666FED}.AppStore|ARM.Build.0 = Release|ARM
		{86E1719E-A7D8-422B-966D-C9526C666FED}.AppStore|ARM.Deploy.0 = Release|ARM
		{86E1719E-A7D8-422B-966D-C9526C666FED}.AppStore|iPhone.ActiveCfg = Release|Any CPU
		{86E1719E-A7D8-422B-966D-C9526C666FED}.AppStore|iPhone.Build.0 = Release|Any CPU
		{86E1719E-A7D8-422B-966D-C9526C666FED}.AppStore|iPhone.Deploy.0 = Release|Any CPU
		{86E1719E-A7D8-422B-966D-C9526C666FED}.AppStore|iPhoneSimulator.ActiveCfg = Release|Any CPU
		{86E1719E-A7D8-422B-966D-C9526C666FED}.AppStore|iPhoneSimulator.Build.0 = Release|Any CPU
		{86E1719E-A7D8-422B-966D-C9526C666FED}.AppStore|iPhoneSimulator.Deploy.0 = Release|Any CPU
		{86E1719E-A7D8-422B-966D-C9526C666FED}.AppStore|x64.ActiveCfg = Release|x64
		{86E1719E-A7D8-422B-966D-C9526C666FED}.AppStore|x64.Build.0 = Release|x64
		{86E1719E-A7D8-422B-966D-C9526C666FED}.AppStore|x64.Deploy.0 = Release|x64
		{86E1719E-A7D8-422B-966D-C9526C666FED}.AppStore|x86.ActiveCfg = Release|x86
		{86E1719E-A7D8-422B-966D-C9526C666FED}.AppStore|x86.Build.0 = Release|x86
		{86E1719E-A7D8-422B-966D-C9526C666FED}.AppStore|x86.Deploy.0 = Release|x86
		{86E1719E-A7D8-422B-966D-C9526C666FED}.Debug|Any CPU.ActiveCfg = Debug|Any CPU
		{86E1719E-A7D8-422B-966D-C9526C666FED}.Debug|Any CPU.Build.0 = Debug|Any CPU
		{86E1719E-A7D8-422B-966D-C9526C666FED}.Debug|Any CPU.Deploy.0 = Debug|Any CPU
		{86E1719E-A7D8-422B-966D-C9526C666FED}.Debug|ARM.ActiveCfg = Debug|ARM
		{86E1719E-A7D8-422B-966D-C9526C666FED}.Debug|ARM.Build.0 = Debug|ARM
		{86E1719E-A7D8-422B-966D-C9526C666FED}.Debug|ARM.Deploy.0 = Debug|ARM
		{86E1719E-A7D8-422B-966D-C9526C666FED}.Debug|iPhone.ActiveCfg = Debug|Any CPU
		{86E1719E-A7D8-422B-966D-C9526C666FED}.Debug|iPhone.Build.0 = Debug|Any CPU
		{86E1719E-A7D8-422B-966D-C9526C666FED}.Debug|iPhone.Deploy.0 = Debug|Any CPU
		{86E1719E-A7D8-422B-966D-C9526C666FED}.Debug|iPhoneSimulator.ActiveCfg = Debug|Any CPU
		{86E1719E-A7D8-422B-966D-C9526C666FED}.Debug|iPhoneSimulator.Build.0 = Debug|Any CPU
		{86E1719E-A7D8-422B-966D-C9526C666FED}.Debug|iPhoneSimulator.Deploy.0 = Debug|Any CPU
		{86E1719E-A7D8-422B-966D-C9526C666FED}.Debug|x64.ActiveCfg = Debug|x64
		{86E1719E-A7D8-422B-966D-C9526C666FED}.Debug|x64.Build.0 = Debug|x64
		{86E1719E-A7D8-422B-966D-C9526C666FED}.Debug|x64.Deploy.0 = Debug|x64
		{86E1719E-A7D8-422B-966D-C9526C666FED}.Debug|x86.ActiveCfg = Debug|x86
		{86E1719E-A7D8-422B-966D-C9526C666FED}.Debug|x86.Build.0 = Debug|x86
		{86E1719E-A7D8-422B-966D-C9526C666FED}.Debug|x86.Deploy.0 = Debug|x86
		{86E1719E-A7D8-422B-966D-C9526C666FED}.Release|Any CPU.ActiveCfg = Release|Any CPU
		{86E1719E-A7D8-422B-966D-C9526C666FED}.Release|Any CPU.Build.0 = Release|Any CPU
		{86E1719E-A7D8-422B-966D-C9526C666FED}.Release|Any CPU.Deploy.0 = Release|Any CPU
		{86E1719E-A7D8-422B-966D-C9526C666FED}.Release|ARM.ActiveCfg = Release|ARM
		{86E1719E-A7D8-422B-966D-C9526C666FED}.Release|ARM.Build.0 = Release|ARM
		{86E1719E-A7D8-422B-966D-C9526C666FED}.Release|ARM.Deploy.0 = Release|ARM
		{86E1719E-A7D8-422B-966D-C9526C666FED}.Release|iPhone.ActiveCfg = Release|Any CPU
		{86E1719E-A7D8-422B-966D-C9526C666FED}.Release|iPhone.Build.0 = Release|Any CPU
		{86E1719E-A7D8-422B-966D-C9526C666FED}.Release|iPhone.Deploy.0 = Release|Any CPU
		{86E1719E-A7D8-422B-966D-C9526C666FED}.Release|iPhoneSimulator.ActiveCfg = Release|Any CPU
		{86E1719E-A7D8-422B-966D-C9526C666FED}.Release|iPhoneSimulator.Build.0 = Release|Any CPU
		{86E1719E-A7D8-422B-966D-C9526C666FED}.Release|iPhoneSimulator.Deploy.0 = Release|Any CPU
		{86E1719E-A7D8-422B-966D-C9526C666FED}.Release|x64.ActiveCfg = Release|x64
		{86E1719E-A7D8-422B-966D-C9526C666FED}.Release|x64.Build.0 = Release|x64
		{86E1719E-A7D8-422B-966D-C9526C666FED}.Release|x64.Deploy.0 = Release|x64
		{86E1719E-A7D8-422B-966D-C9526C666FED}.Release|x86.ActiveCfg = Release|x86
		{86E1719E-A7D8-422B-966D-C9526C666FED}.Release|x86.Build.0 = Release|x86
		{86E1719E-A7D8-422B-966D-C9526C666FED}.Release|x86.Deploy.0 = Release|x86
		{E4098FBA-254E-4A6C-AFAD-3C8DE7DE4906}.Ad-Hoc|Any CPU.ActiveCfg = Release|Any CPU
		{E4098FBA-254E-4A6C-AFAD-3C8DE7DE4906}.Ad-Hoc|Any CPU.Build.0 = Release|Any CPU
		{E4098FBA-254E-4A6C-AFAD-3C8DE7DE4906}.Ad-Hoc|ARM.ActiveCfg = Release|Any CPU
		{E4098FBA-254E-4A6C-AFAD-3C8DE7DE4906}.Ad-Hoc|ARM.Build.0 = Release|Any CPU
		{E4098FBA-254E-4A6C-AFAD-3C8DE7DE4906}.Ad-Hoc|iPhone.ActiveCfg = Release|Any CPU
		{E4098FBA-254E-4A6C-AFAD-3C8DE7DE4906}.Ad-Hoc|iPhone.Build.0 = Release|Any CPU
		{E4098FBA-254E-4A6C-AFAD-3C8DE7DE4906}.Ad-Hoc|iPhoneSimulator.ActiveCfg = Release|Any CPU
		{E4098FBA-254E-4A6C-AFAD-3C8DE7DE4906}.Ad-Hoc|iPhoneSimulator.Build.0 = Release|Any CPU
		{E4098FBA-254E-4A6C-AFAD-3C8DE7DE4906}.Ad-Hoc|x64.ActiveCfg = Release|Any CPU
		{E4098FBA-254E-4A6C-AFAD-3C8DE7DE4906}.Ad-Hoc|x64.Build.0 = Release|Any CPU
		{E4098FBA-254E-4A6C-AFAD-3C8DE7DE4906}.Ad-Hoc|x86.ActiveCfg = Release|Any CPU
		{E4098FBA-254E-4A6C-AFAD-3C8DE7DE4906}.Ad-Hoc|x86.Build.0 = Release|Any CPU
		{E4098FBA-254E-4A6C-AFAD-3C8DE7DE4906}.AppStore|Any CPU.ActiveCfg = Release|Any CPU
		{E4098FBA-254E-4A6C-AFAD-3C8DE7DE4906}.AppStore|Any CPU.Build.0 = Release|Any CPU
		{E4098FBA-254E-4A6C-AFAD-3C8DE7DE4906}.AppStore|ARM.ActiveCfg = Release|Any CPU
		{E4098FBA-254E-4A6C-AFAD-3C8DE7DE4906}.AppStore|ARM.Build.0 = Release|Any CPU
		{E4098FBA-254E-4A6C-AFAD-3C8DE7DE4906}.AppStore|iPhone.ActiveCfg = Release|Any CPU
		{E4098FBA-254E-4A6C-AFAD-3C8DE7DE4906}.AppStore|iPhone.Build.0 = Release|Any CPU
		{E4098FBA-254E-4A6C-AFAD-3C8DE7DE4906}.AppStore|iPhoneSimulator.ActiveCfg = Release|Any CPU
		{E4098FBA-254E-4A6C-AFAD-3C8DE7DE4906}.AppStore|iPhoneSimulator.Build.0 = Release|Any CPU
		{E4098FBA-254E-4A6C-AFAD-3C8DE7DE4906}.AppStore|x64.ActiveCfg = Release|Any CPU
		{E4098FBA-254E-4A6C-AFAD-3C8DE7DE4906}.AppStore|x64.Build.0 = Release|Any CPU
		{E4098FBA-254E-4A6C-AFAD-3C8DE7DE4906}.AppStore|x86.ActiveCfg = Release|Any CPU
		{E4098FBA-254E-4A6C-AFAD-3C8DE7DE4906}.AppStore|x86.Build.0 = Release|Any CPU
		{E4098FBA-254E-4A6C-AFAD-3C8DE7DE4906}.Debug|Any CPU.ActiveCfg = Debug|Any CPU
		{E4098FBA-254E-4A6C-AFAD-3C8DE7DE4906}.Debug|Any CPU.Build.0 = Debug|Any CPU
		{E4098FBA-254E-4A6C-AFAD-3C8DE7DE4906}.Debug|ARM.ActiveCfg = Debug|Any CPU
		{E4098FBA-254E-4A6C-AFAD-3C8DE7DE4906}.Debug|ARM.Build.0 = Debug|Any CPU
		{E4098FBA-254E-4A6C-AFAD-3C8DE7DE4906}.Debug|iPhone.ActiveCfg = Debug|Any CPU
		{E4098FBA-254E-4A6C-AFAD-3C8DE7DE4906}.Debug|iPhone.Build.0 = Debug|Any CPU
		{E4098FBA-254E-4A6C-AFAD-3C8DE7DE4906}.Debug|iPhoneSimulator.ActiveCfg = Debug|Any CPU
		{E4098FBA-254E-4A6C-AFAD-3C8DE7DE4906}.Debug|iPhoneSimulator.Build.0 = Debug|Any CPU
		{E4098FBA-254E-4A6C-AFAD-3C8DE7DE4906}.Debug|x64.ActiveCfg = Debug|Any CPU
		{E4098FBA-254E-4A6C-AFAD-3C8DE7DE4906}.Debug|x64.Build.0 = Debug|Any CPU
		{E4098FBA-254E-4A6C-AFAD-3C8DE7DE4906}.Debug|x86.ActiveCfg = Debug|Any CPU
		{E4098FBA-254E-4A6C-AFAD-3C8DE7DE4906}.Debug|x86.Build.0 = Debug|Any CPU
		{E4098FBA-254E-4A6C-AFAD-3C8DE7DE4906}.Release|Any CPU.ActiveCfg = Release|Any CPU
		{E4098FBA-254E-4A6C-AFAD-3C8DE7DE4906}.Release|Any CPU.Build.0 = Release|Any CPU
		{E4098FBA-254E-4A6C-AFAD-3C8DE7DE4906}.Release|ARM.ActiveCfg = Release|Any CPU
		{E4098FBA-254E-4A6C-AFAD-3C8DE7DE4906}.Release|ARM.Build.0 = Release|Any CPU
		{E4098FBA-254E-4A6C-AFAD-3C8DE7DE4906}.Release|iPhone.ActiveCfg = Release|Any CPU
		{E4098FBA-254E-4A6C-AFAD-3C8DE7DE4906}.Release|iPhone.Build.0 = Release|Any CPU
		{E4098FBA-254E-4A6C-AFAD-3C8DE7DE4906}.Release|iPhoneSimulator.ActiveCfg = Release|Any CPU
		{E4098FBA-254E-4A6C-AFAD-3C8DE7DE4906}.Release|iPhoneSimulator.Build.0 = Release|Any CPU
		{E4098FBA-254E-4A6C-AFAD-3C8DE7DE4906}.Release|x64.ActiveCfg = Release|Any CPU
		{E4098FBA-254E-4A6C-AFAD-3C8DE7DE4906}.Release|x64.Build.0 = Release|Any CPU
		{E4098FBA-254E-4A6C-AFAD-3C8DE7DE4906}.Release|x86.ActiveCfg = Release|Any CPU
		{E4098FBA-254E-4A6C-AFAD-3C8DE7DE4906}.Release|x86.Build.0 = Release|Any CPU
	EndGlobalSection
	GlobalSection(SolutionProperties) = preSolution
		HideSolutionNode = FALSE
	EndGlobalSection
EndGlobal
